
Microsoft Visual Studio Solution File, Format Version 12.00
# Visual Studio Version 17
VisualStudioVersion = 17.14.36414.22
MinimumVisualStudioVersion = 10.0.40219.1
Project("{2150E333-8FDC-42A3-9474-1A3956D46DE8}") = "Task0", "Task0", "{36D591C7-65C7-A0D1-1CBC-10CDE441BDC8}"
EndProject
Project("{FAE04EC0-301F-11D3-BF4B-00C04F79EFBC}") = "Tyuiu.AndreevIA.Sprint0.Task0.V0", "Tyuiu.AndreevIA.Sprint0.Task0.V0\Tyuiu.AndreevIA.Sprint0.Task0.V0.csproj", "{4CA88327-BAE2-4D3E-9EFC-F0D62AE566A7}"
EndProject
Project("{2150E333-8FDC-42A3-9474-1A3956D46DE8}") = "Task1", "Task1", "{AED68799-3BEA-4E49-9F73-217050D9D465}"
EndProject
Project("{FAE04EC0-301F-11D3-BF4B-00C04F79EFBC}") = "Tyuiu.AndreevIA.Sprint0.Task1.V0", "Tyuiu.AndreevIA.Sprint0.Task1.V0\Tyuiu.AndreevIA.Sprint0.Task1.V0.csproj", "{40451B00-4896-4A75-8CDD-2216E6C914EE}"
EndProject
Project("{2150E333-8FDC-42A3-9474-1A3956D46DE8}") = "Task2", "Task2", "{A403F035-B2CE-46BB-816F-C89E92428E5C}"
EndProject
Project("{FAE04EC0-301F-11D3-BF4B-00C04F79EFBC}") = "Tyuiu.AndreevIA.Sprint0.Task2.V0", "Tyuiu.AndreevIA.Sprint0.Task2.V0\Tyuiu.AndreevIA.Sprint0.Task2.V0.csproj", "{3211369A-FB2C-4310-94C1-66EDBBECD762}"
EndProject
Project("{FAE04EC0-301F-11D3-BF4B-00C04F79EFBC}") = "Tyuiu.AndreevIA.Sprint0.Task2.V0.Lib", "Tyuiu.AndreevIA.Sprint0.Task2.V0.Lib\Tyuiu.AndreevIA.Sprint0.Task2.V0.Lib.csproj", "{BFE3F633-0CDB-4435-800D-21967D8D8853}"
EndProject
Project("{FAE04EC0-301F-11D3-BF4B-00C04F79EFBC}") = "Tyuiu.AndreevIA.Sprint0.Task2.V0.Test", "Tyuiu.AndreevIA.Sprint0.Task2.V0.Test\Tyuiu.AndreevIA.Sprint0.Task2.V0.Test.csproj", "{3878A5D6-924D-433F-A8C6-7416DA15C31E}"
EndProject
Project("{2150E333-8FDC-42A3-9474-1A3956D46DE8}") = "Task3", "Task3", "{02EA681E-C7D8-13C7-8484-4AC65E1B71E8}"
EndProject
Project("{FAE04EC0-301F-11D3-BF4B-00C04F79EFBC}") = "Tyuiu.AndreevIA.Sprint0.Task3.V0", "Tyuiu.AndreevIA.Sprint0.Task3.V0\Tyuiu.AndreevIA.Sprint0.Task3.V0.csproj", "{1523FE6E-759A-4C09-BFEF-1027A64A3A3D}"
EndProject
Project("{FAE04EC0-301F-11D3-BF4B-00C04F79EFBC}") = "Tyuiu.AndreevIA.Sprint0.Task3.V0.Lib", "Tyuiu.AndreevIA.Sprint0.Task3.V0.Lib\Tyuiu.AndreevIA.Sprint0.Task3.V0.Lib.csproj", "{89FE28BE-2EDF-455F-8293-B97E987407A9}"
EndProject
Project("{FAE04EC0-301F-11D3-BF4B-00C04F79EFBC}") = "Tyuiu.AndreevIA.Sprint0.Task3.V0.Test", "Tyuiu.AndreevIA.Sprint0.Task3.V0.Test\Tyuiu.AndreevIA.Sprint0.Task3.V0.Test.csproj", "{770652F9-9CFD-4FD4-A920-D45A0109E764}"
EndProject
Project("{2150E333-8FDC-42A3-9474-1A3956D46DE8}") = "Task4", "Task4", "{51AFF825-1186-4F97-A20D-A3E78D0F645E}"
EndProject
Project("{FAE04EC0-301F-11D3-BF4B-00C04F79EFBC}") = "Tyuiu.AndreevIA.Sprint0.Task4.V0", "Tyuiu.AndreevIA.Sprint0.Task4.V0\Tyuiu.AndreevIA.Sprint0.Task4.V0.csproj", "{A8278CCA-2065-49C8-AA85-A22E4778A5FD}"
EndProject
Project("{FAE04EC0-301F-11D3-BF4B-00C04F79EFBC}") = "Tyuiu.AndreevIA.Sprint0.Task4.V0.Lib", "Tyuiu.AndreevIA.Sprint0.Task4.V0.Lib\Tyuiu.AndreevIA.Sprint0.Task4.V0.Lib.csproj", "{23E6631F-51A5-46D0-AA7A-F3A4B49707D4}"
EndProject
Project("{FAE04EC0-301F-11D3-BF4B-00C04F79EFBC}") = "Tyuiu.AndreevIA.Sprint0.Task4.V0.Test", "Tyuiu.AndreevIA.Sprint0.Task4.V0.Test\Tyuiu.AndreevIA.Sprint0.Task4.V0.Test.csproj", "{60EB9C96-686C-43B7-80DF-08DEB7A253BC}"
EndProject
Project("{2150E333-8FDC-42A3-9474-1A3956D46DE8}") = "Task5", "Task5", "{B1EEB1E6-FC35-4F07-B7AE-670104BE85E8}"
EndProject
Project("{FAE04EC0-301F-11D3-BF4B-00C04F79EFBC}") = "Tyuiu.AndreevIA.Sprint0.Task5.V0", "Tyuiu.AndreevIA.Sprint0.Task5.V0\Tyuiu.AndreevIA.Sprint0.Task5.V0.csproj", "{98874705-0CBD-4FED-9966-B4EFB7BF2979}"
EndProject
Project("{FAE04EC0-301F-11D3-BF4B-00C04F79EFBC}") = "Tyuiu.AndreevIA.Sprint0.Task5.V0.Lib", "Tyuiu.AndreevIA.Sprint0.Task5.V0.Lib\Tyuiu.AndreevIA.Sprint0.Task5.V0.Lib.csproj", "{59646070-14EA-4133-BCD6-0B699B4BA65C}"
EndProject
Project("{FAE04EC0-301F-11D3-BF4B-00C04F79EFBC}") = "Tyuiu.AndreevIA.Sprint0.Task5.V0.Test", "Tyuiu.AndreevIA.Sprint0.Task5.V0.Test\Tyuiu.AndreevIA.Sprint0.Task5.V0.Test.csproj", "{6FE17027-4C39-4035-A7FF-8868F927BE2A}"
EndProject
Project("{2150E333-8FDC-42A3-9474-1A3956D46DE8}") = "Task6", "Task6", "{CB19ED42-732E-4746-9E47-897417F38D13}"
EndProject
Project("{FAE04EC0-301F-11D3-BF4B-00C04F79EFBC}") = "Tyuiu.AndreevIA.Sprint0.Task6.V0", "Tyuiu.AndreevIA.Sprint0.Task6.V0\Tyuiu.AndreevIA.Sprint0.Task6.V0.csproj", "{D6178BB2-4B87-4EDE-A08B-F432BD07FFBB}"
EndProject
Project("{FAE04EC0-301F-11D3-BF4B-00C04F79EFBC}") = "Tyuiu.AndreevIA.Sprint0.Task6.V0.Lib", "Tyuiu.AndreevIA.Sprint0.Task6.V0.Lib\Tyuiu.AndreevIA.Sprint0.Task6.V0.Lib.csproj", "{3C19D2F8-2142-40F3-896B-04FEBE0E43A0}"
EndProject
Project("{FAE04EC0-301F-11D3-BF4B-00C04F79EFBC}") = "Tyuiu.AndreevIA.Sprint0.Task6.V0.Test", "Tyuiu.AndreevIA.Sprint0.Task6.V0.Test\Tyuiu.AndreevIA.Sprint0.Task6.V0.Test.csproj", "{7FB63D31-8E83-41F0-95FC-569DA35A0608}"
EndProject
Project("{2150E333-8FDC-42A3-9474-1A3956D46DE8}") = "Task7", "Task7", "{C50425DD-749C-4A99-AD53-6D3136D37081}"
EndProject
Project("{FAE04EC0-301F-11D3-BF4B-00C04F79EFBC}") = "Tyuiu.AndreevIA.Sprint0.Task7.V0", "Tyuiu.AndreevIA.Sprint0.Task7.V0\Tyuiu.AndreevIA.Sprint0.Task7.V0.csproj", "{4CDA7990-6400-4447-A7CC-6FDE131C6AC2}"
EndProject
Project("{FAE04EC0-301F-11D3-BF4B-00C04F79EFBC}") = "Tyuiu.AndreevIA.Sprint0.Task7.V0.Lib", "Tyuiu.AndreevIA.Sprint0.Task7.V0.Lib\Tyuiu.AndreevIA.Sprint0.Task7.V0.Lib.csproj", "{165BC4B0-B34D-4814-9327-5AC55EFA8275}"
EndProject
Project("{FAE04EC0-301F-11D3-BF4B-00C04F79EFBC}") = "Tyuiu.AndreevIA.Sprint0.Task7.V0.Test", "Tyuiu.AndreevIA.Sprint0.Task7.V0.Test\Tyuiu.AndreevIA.Sprint0.Task7.V0.Test.csproj", "{266CB172-E93A-48F1-B3FE-4D28AC06E187}"
EndProject
Global
	GlobalSection(SolutionConfigurationPlatforms) = preSolution
		Debug|Any CPU = Debug|Any CPU
		Release|Any CPU = Release|Any CPU
	EndGlobalSection
	GlobalSection(ProjectConfigurationPlatforms) = postSolution
		{4CA88327-BAE2-4D3E-9EFC-F0D62AE566A7}.Debug|Any CPU.ActiveCfg = Debug|Any CPU
		{4CA88327-BAE2-4D3E-9EFC-F0D62AE566A7}.Debug|Any CPU.Build.0 = Debug|Any CPU
		{4CA88327-BAE2-4D3E-9EFC-F0D62AE566A7}.Release|Any CPU.ActiveCfg = Release|Any CPU
		{4CA88327-BAE2-4D3E-9EFC-F0D62AE566A7}.Release|Any CPU.Build.0 = Release|Any CPU
		{40451B00-4896-4A75-8CDD-2216E6C914EE}.Debug|Any CPU.ActiveCfg = Debug|Any CPU
		{40451B00-4896-4A75-8CDD-2216E6C914EE}.Debug|Any CPU.Build.0 = Debug|Any CPU
		{40451B00-4896-4A75-8CDD-2216E6C914EE}.Release|Any CPU.ActiveCfg = Release|Any CPU
		{40451B00-4896-4A75-8CDD-2216E6C914EE}.Release|Any CPU.Build.0 = Release|Any CPU
		{3211369A-FB2C-4310-94C1-66EDBBECD762}.Debug|Any CPU.ActiveCfg = Debug|Any CPU
		{3211369A-FB2C-4310-94C1-66EDBBECD762}.Debug|Any CPU.Build.0 = Debug|Any CPU
		{3211369A-FB2C-4310-94C1-66EDBBECD762}.Release|Any CPU.ActiveCfg = Release|Any CPU
		{3211369A-FB2C-4310-94C1-66EDBBECD762}.Release|Any CPU.Build.0 = Release|Any CPU
		{BFE3F633-0CDB-4435-800D-21967D8D8853}.Debug|Any CPU.ActiveCfg = Debug|Any CPU
		{BFE3F633-0CDB-4435-800D-21967D8D8853}.Debug|Any CPU.Build.0 = Debug|Any CPU
		{BFE3F633-0CDB-4435-800D-21967D8D8853}.Release|Any CPU.ActiveCfg = Release|Any CPU
		{BFE3F633-0CDB-4435-800D-21967D8D8853}.Release|Any CPU.Build.0 = Release|Any CPU
		{3878A5D6-924D-433F-A8C6-7416DA15C31E}.Debug|Any CPU.ActiveCfg = Debug|Any CPU
		{3878A5D6-924D-433F-A8C6-7416DA15C31E}.Debug|Any CPU.Build.0 = Debug|Any CPU
		{3878A5D6-924D-433F-A8C6-7416DA15C31E}.Release|Any CPU.ActiveCfg = Release|Any CPU
		{3878A5D6-924D-433F-A8C6-7416DA15C31E}.Release|Any CPU.Build.0 = Release|Any CPU
		{1523FE6E-759A-4C09-BFEF-1027A64A3A3D}.Debug|Any CPU.ActiveCfg = Debug|Any CPU
		{1523FE6E-759A-4C09-BFEF-1027A64A3A3D}.Debug|Any CPU.Build.0 = Debug|Any CPU
		{1523FE6E-759A-4C09-BFEF-1027A64A3A3D}.Release|Any CPU.ActiveCfg = Release|Any CPU
		{1523FE6E-759A-4C09-BFEF-1027A64A3A3D}.Release|Any CPU.Build.0 = Release|Any CPU
		{89FE28BE-2EDF-455F-8293-B97E987407A9}.Debug|Any CPU.ActiveCfg = Debug|Any CPU
		{89FE28BE-2EDF-455F-8293-B97E987407A9}.Debug|Any CPU.Build.0 = Debug|Any CPU
		{89FE28BE-2EDF-455F-8293-B97E987407A9}.Release|Any CPU.ActiveCfg = Release|Any CPU
		{89FE28BE-2EDF-455F-8293-B97E987407A9}.Release|Any CPU.Build.0 = Release|Any CPU
		{770652F9-9CFD-4FD4-A920-D45A0109E764}.Debug|Any CPU.ActiveCfg = Debug|Any CPU
		{770652F9-9CFD-4FD4-A920-D45A0109E764}.Debug|Any CPU.Build.0 = Debug|Any CPU
		{770652F9-9CFD-4FD4-A920-D45A0109E764}.Release|Any CPU.ActiveCfg = Release|Any CPU
		{770652F9-9CFD-4FD4-A920-D45A0109E764}.Release|Any CPU.Build.0 = Release|Any CPU
		{A8278CCA-2065-49C8-AA85-A22E4778A5FD}.Debug|Any CPU.ActiveCfg = Debug|Any CPU
		{A8278CCA-2065-49C8-AA85-A22E4778A5FD}.Debug|Any CPU.Build.0 = Debug|Any CPU
		{A8278CCA-2065-49C8-AA85-A22E4778A5FD}.Release|Any CPU.ActiveCfg = Release|Any CPU
		{A8278CCA-2065-49C8-AA85-A22E4778A5FD}.Release|Any CPU.Build.0 = Release|Any CPU
		{23E6631F-51A5-46D0-AA7A-F3A4B49707D4}.Debug|Any CPU.ActiveCfg = Debug|Any CPU
		{23E6631F-51A5-46D0-AA7A-F3A4B49707D4}.Debug|Any CPU.Build.0 = Debug|Any CPU
		{23E6631F-51A5-46D0-AA7A-F3A4B49707D4}.Release|Any CPU.ActiveCfg = Release|Any CPU
		{23E6631F-51A5-46D0-AA7A-F3A4B49707D4}.Release|Any CPU.Build.0 = Release|Any CPU
		{60EB9C96-686C-43B7-80DF-08DEB7A253BC}.Debug|Any CPU.ActiveCfg = Debug|Any CPU
		{60EB9C96-686C-43B7-80DF-08DEB7A253BC}.Debug|Any CPU.Build.0 = Debug|Any CPU
		{60EB9C96-686C-43B7-80DF-08DEB7A253BC}.Release|Any CPU.ActiveCfg = Release|Any CPU
		{60EB9C96-686C-43B7-80DF-08DEB7A253BC}.Release|Any CPU.Build.0 = Release|Any CPU
		{98874705-0CBD-4FED-9966-B4EFB7BF2979}.Debug|Any CPU.ActiveCfg = Debug|Any CPU
		{98874705-0CBD-4FED-9966-B4EFB7BF2979}.Debug|Any CPU.Build.0 = Debug|Any CPU
		{98874705-0CBD-4FED-9966-B4EFB7BF2979}.Release|Any CPU.ActiveCfg = Release|Any CPU
		{98874705-0CBD-4FED-9966-B4EFB7BF2979}.Release|Any CPU.Build.0 = Release|Any CPU
		{59646070-14EA-4133-BCD6-0B699B4BA65C}.Debug|Any CPU.ActiveCfg = Debug|Any CPU
		{59646070-14EA-4133-BCD6-0B699B4BA65C}.Debug|Any CPU.Build.0 = Debug|Any CPU
		{59646070-14EA-4133-BCD6-0B699B4BA65C}.Release|Any CPU.ActiveCfg = Release|Any CPU
		{59646070-14EA-4133-BCD6-0B699B4BA65C}.Release|Any CPU.Build.0 = Release|Any CPU
		{6FE17027-4C39-4035-A7FF-8868F927BE2A}.Debug|Any CPU.ActiveCfg = Debug|Any CPU
		{6FE17027-4C39-4035-A7FF-8868F927BE2A}.Debug|Any CPU.Build.0 = Debug|Any CPU
		{6FE17027-4C39-4035-A7FF-8868F927BE2A}.Release|Any CPU.ActiveCfg = Release|Any CPU
		{6FE17027-4C39-4035-A7FF-8868F927BE2A}.Release|Any CPU.Build.0 = Release|Any CPU
		{D6178BB2-4B87-4EDE-A08B-F432BD07FFBB}.Debug|Any CPU.ActiveCfg = Debug|Any CPU
		{D6178BB2-4B87-4EDE-A08B-F432BD07FFBB}.Debug|Any CPU.Build.0 = Debug|Any CPU
		{D6178BB2-4B87-4EDE-A08B-F432BD07FFBB}.Release|Any CPU.ActiveCfg = Release|Any CPU
		{D6178BB2-4B87-4EDE-A08B-F432BD07FFBB}.Release|Any CPU.Build.0 = Release|Any CPU
		{3C19D2F8-2142-40F3-896B-04FEBE0E43A0}.Debug|Any CPU.ActiveCfg = Debug|Any CPU
		{3C19D2F8-2142-40F3-896B-04FEBE0E43A0}.Debug|Any CPU.Build.0 = Debug|Any CPU
		{3C19D2F8-2142-40F3-896B-04FEBE0E43A0}.Release|Any CPU.ActiveCfg = Release|Any CPU
		{3C19D2F8-2142-40F3-896B-04FEBE0E43A0}.Release|Any CPU.Build.0 = Release|Any CPU
		{7FB63D31-8E83-41F0-95FC-569DA35A0608}.Debug|Any CPU.ActiveCfg = Debug|Any CPU
		{7FB63D31-8E83-41F0-95FC-569DA35A0608}.Debug|Any CPU.Build.0 = Debug|Any CPU
		{7FB63D31-8E83-41F0-95FC-569DA35A0608}.Release|Any CPU.ActiveCfg = Release|Any CPU
		{7FB63D31-8E83-41F0-95FC-569DA35A0608}.Release|Any CPU.Build.0 = Release|Any CPU
		{4CDA7990-6400-4447-A7CC-6FDE131C6AC2}.Debug|Any CPU.ActiveCfg = Debug|Any CPU
		{4CDA7990-6400-4447-A7CC-6FDE131C6AC2}.Debug|Any CPU.Build.0 = Debug|Any CPU
		{4CDA7990-6400-4447-A7CC-6FDE131C6AC2}.Release|Any CPU.ActiveCfg = Release|Any CPU
		{4CDA7990-6400-4447-A7CC-6FDE131C6AC2}.Release|Any CPU.Build.0 = Release|Any CPU
		{165BC4B0-B34D-4814-9327-5AC55EFA8275}.Debug|Any CPU.ActiveCfg = Debug|Any CPU
		{165BC4B0-B34D-4814-9327-5AC55EFA8275}.Debug|Any CPU.Build.0 = Debug|Any CPU
		{165BC4B0-B34D-4814-9327-5AC55EFA8275}.Release|Any CPU.ActiveCfg = Release|Any CPU
		{165BC4B0-B34D-4814-9327-5AC55EFA8275}.Release|Any CPU.Build.0 = Release|Any CPU
		{266CB172-E93A-48F1-B3FE-4D28AC06E187}.Debug|Any CPU.ActiveCfg = Debug|Any CPU
		{266CB172-E93A-48F1-B3FE-4D28AC06E187}.Debug|Any CPU.Build.0 = Debug|Any CPU
		{266CB172-E93A-48F1-B3FE-4D28AC06E187}.Release|Any CPU.ActiveCfg = Release|Any CPU
		{266CB172-E93A-48F1-B3FE-4D28AC06E187}.Release|Any CPU.Build.0 = Release|Any CPU
	EndGlobalSection
	GlobalSection(SolutionProperties) = preSolution
		HideSolutionNode = FALSE
	EndGlobalSection
	GlobalSection(NestedProjects) = preSolution
		{4CA88327-BAE2-4D3E-9EFC-F0D62AE566A7} = {36D591C7-65C7-A0D1-1CBC-10CDE441BDC8}
		{40451B00-4896-4A75-8CDD-2216E6C914EE} = {AED68799-3BEA-4E49-9F73-217050D9D465}
		{3211369A-FB2C-4310-94C1-66EDBBECD762} = {A403F035-B2CE-46BB-816F-C89E92428E5C}
		{BFE3F633-0CDB-4435-800D-21967D8D8853} = {A403F035-B2CE-46BB-816F-C89E92428E5C}
		{3878A5D6-924D-433F-A8C6-7416DA15C31E} = {A403F035-B2CE-46BB-816F-C89E92428E5C}
		{1523FE6E-759A-4C09-BFEF-1027A64A3A3D} = {02EA681E-C7D8-13C7-8484-4AC65E1B71E8}
		{89FE28BE-2EDF-455F-8293-B97E987407A9} = {02EA681E-C7D8-13C7-8484-4AC65E1B71E8}
		{770652F9-9CFD-4FD4-A920-D45A0109E764} = {02EA681E-C7D8-13C7-8484-4AC65E1B71E8}
		{A8278CCA-2065-49C8-AA85-A22E4778A5FD} = {51AFF825-1186-4F97-A20D-A3E78D0F645E}
		{23E6631F-51A5-46D0-AA7A-F3A4B49707D4} = {51AFF825-1186-4F97-A20D-A3E78D0F645E}
		{60EB9C96-686C-43B7-80DF-08DEB7A253BC} = {51AFF825-1186-4F97-A20D-A3E78D0F645E}
		{98874705-0CBD-4FED-9966-B4EFB7BF2979} = {B1EEB1E6-FC35-4F07-B7AE-670104BE85E8}
		{59646070-14EA-4133-BCD6-0B699B4BA65C} = {B1EEB1E6-FC35-4F07-B7AE-670104BE85E8}
		{6FE17027-4C39-4035-A7FF-8868F927BE2A} = {B1EEB1E6-FC35-4F07-B7AE-670104BE85E8}
		{D6178BB2-4B87-4EDE-A08B-F432BD07FFBB} = {CB19ED42-732E-4746-9E47-897417F38D13}
		{3C19D2F8-2142-40F3-896B-04FEBE0E43A0} = {CB19ED42-732E-4746-9E47-897417F38D13}
		{7FB63D31-8E83-41F0-95FC-569DA35A0608} = {CB19ED42-732E-4746-9E47-897417F38D13}
		{4CDA7990-6400-4447-A7CC-6FDE131C6AC2} = {C50425DD-749C-4A99-AD53-6D3136D37081}
		{165BC4B0-B34D-4814-9327-5AC55EFA8275} = {C50425DD-749C-4A99-AD53-6D3136D37081}
		{266CB172-E93A-48F1-B3FE-4D28AC06E187} = {C50425DD-749C-4A99-AD53-6D3136D37081}
	EndGlobalSection
	GlobalSection(ExtensibilityGlobals) = postSolution
		SolutionGuid = {373DA90B-0476-4E00-838B-7413496D45F7}
	EndGlobalSection
EndGlobal
